// !$*UTF8*$!
{
	archiveVersion = 1;
	classes = {
	};
	objectVersion = 56;
	objects = {

/* Begin PBXBuildFile section */
		403D871828E125AE002E5E4A /* Interpreter.swift in Sources */ = {isa = PBXBuildFile; fileRef = 403D871728E125AE002E5E4A /* Interpreter.swift */; };
		403D871A28E1EF38002E5E4A /* ConsoleView.swift in Sources */ = {isa = PBXBuildFile; fileRef = 403D871928E1EF38002E5E4A /* ConsoleView.swift */; };
		403D871C28E214BD002E5E4A /* ConsoleRowView.swift in Sources */ = {isa = PBXBuildFile; fileRef = 403D871B28E214BD002E5E4A /* ConsoleRowView.swift */; };
		4043649428E0C4020052F25D /* LEGv8_SimulatorApp.swift in Sources */ = {isa = PBXBuildFile; fileRef = 4043649328E0C4020052F25D /* LEGv8_SimulatorApp.swift */; };
		4043649628E0C4020052F25D /* ContentView.swift in Sources */ = {isa = PBXBuildFile; fileRef = 4043649528E0C4020052F25D /* ContentView.swift */; };
		4043649828E0C4030052F25D /* Assets.xcassets in Resources */ = {isa = PBXBuildFile; fileRef = 4043649728E0C4030052F25D /* Assets.xcassets */; };
		4043649B28E0C4030052F25D /* Preview Assets.xcassets in Resources */ = {isa = PBXBuildFile; fileRef = 4043649A28E0C4030052F25D /* Preview Assets.xcassets */; };
		404364A828E0D6F00052F25D /* asm.js in Resources */ = {isa = PBXBuildFile; fileRef = 404364A728E0D6F00052F25D /* asm.js */; };
		404364AA28E0DD620052F25D /* CPUModel.swift in Sources */ = {isa = PBXBuildFile; fileRef = 404364A928E0DD620052F25D /* CPUModel.swift */; };
		404364B028E0DDE70052F25D /* Lexer.swift in Sources */ = {isa = PBXBuildFile; fileRef = 404364AF28E0DDE70052F25D /* Lexer.swift */; };
		4080D12228E3FD9D00DCA947 /* Document.swift in Sources */ = {isa = PBXBuildFile; fileRef = 4080D12128E3FD9D00DCA947 /* Document.swift */; };
		4080D12728E4081200DCA947 /* SettingsView.swift in Sources */ = {isa = PBXBuildFile; fileRef = 4080D12628E4081200DCA947 /* SettingsView.swift */; };
		4080D12B28E40CF400DCA947 /* AboutView.swift in Sources */ = {isa = PBXBuildFile; fileRef = 4080D12A28E40CF400DCA947 /* AboutView.swift */; };
		4095520828EA6A3300697ED9 /* SettingsModel.swift in Sources */ = {isa = PBXBuildFile; fileRef = 4095520728EA6A3300697ED9 /* SettingsModel.swift */; };
		4095520A28EC811E00697ED9 /* RegisterRowView.swift in Sources */ = {isa = PBXBuildFile; fileRef = 4095520928EC811E00697ED9 /* RegisterRowView.swift */; };
		4095520E28ED0F6D00697ED9 /* MemoryValueColumnView.swift in Sources */ = {isa = PBXBuildFile; fileRef = 4095520D28ED0F6D00697ED9 /* MemoryValueColumnView.swift */; };
		40D605CD28E74A2F00654D3C /* FlagView.swift in Sources */ = {isa = PBXBuildFile; fileRef = 40D605CC28E74A2F00654D3C /* FlagView.swift */; };
		40D605CF28E7520500654D3C /* RegisterView.swift in Sources */ = {isa = PBXBuildFile; fileRef = 40D605CE28E7520500654D3C /* RegisterView.swift */; };
		40D605D128E7523500654D3C /* MemoryView.swift in Sources */ = {isa = PBXBuildFile; fileRef = 40D605D028E7523500654D3C /* MemoryView.swift */; };
		40FC5AF628E27F6000532886 /* SwiftyMonaco in Frameworks */ = {isa = PBXBuildFile; productRef = 40FC5AF528E27F6000532886 /* SwiftyMonaco */; };
/* End PBXBuildFile section */

/* Begin PBXFileReference section */
		403D871728E125AE002E5E4A /* Interpreter.swift */ = {isa = PBXFileReference; lastKnownFileType = sourcecode.swift; path = Interpreter.swift; sourceTree = "<group>"; };
		403D871928E1EF38002E5E4A /* ConsoleView.swift */ = {isa = PBXFileReference; lastKnownFileType = sourcecode.swift; path = ConsoleView.swift; sourceTree = "<group>"; };
		403D871B28E214BD002E5E4A /* ConsoleRowView.swift */ = {isa = PBXFileReference; lastKnownFileType = sourcecode.swift; path = ConsoleRowView.swift; sourceTree = "<group>"; };
		4043649028E0C4020052F25D /* LEGv8-Simulator.app */ = {isa = PBXFileReference; explicitFileType = wrapper.application; includeInIndex = 0; path = "LEGv8-Simulator.app"; sourceTree = BUILT_PRODUCTS_DIR; };
		4043649328E0C4020052F25D /* LEGv8_SimulatorApp.swift */ = {isa = PBXFileReference; lastKnownFileType = sourcecode.swift; path = LEGv8_SimulatorApp.swift; sourceTree = "<group>"; };
		4043649528E0C4020052F25D /* ContentView.swift */ = {isa = PBXFileReference; lastKnownFileType = sourcecode.swift; path = ContentView.swift; sourceTree = "<group>"; };
		4043649728E0C4030052F25D /* Assets.xcassets */ = {isa = PBXFileReference; lastKnownFileType = folder.assetcatalog; path = Assets.xcassets; sourceTree = "<group>"; };
		4043649A28E0C4030052F25D /* Preview Assets.xcassets */ = {isa = PBXFileReference; lastKnownFileType = folder.assetcatalog; path = "Preview Assets.xcassets"; sourceTree = "<group>"; };
		4043649C28E0C4030052F25D /* LEGv8_Simulator.entitlements */ = {isa = PBXFileReference; lastKnownFileType = text.plist.entitlements; path = LEGv8_Simulator.entitlements; sourceTree = "<group>"; };
		404364A728E0D6F00052F25D /* asm.js */ = {isa = PBXFileReference; lastKnownFileType = sourcecode.javascript; path = asm.js; sourceTree = "<group>"; };
		404364A928E0DD620052F25D /* CPUModel.swift */ = {isa = PBXFileReference; lastKnownFileType = sourcecode.swift; path = CPUModel.swift; sourceTree = "<group>"; };
		404364AF28E0DDE70052F25D /* Lexer.swift */ = {isa = PBXFileReference; lastKnownFileType = sourcecode.swift; path = Lexer.swift; sourceTree = "<group>"; };
		4080D12128E3FD9D00DCA947 /* Document.swift */ = {isa = PBXFileReference; lastKnownFileType = sourcecode.swift; path = Document.swift; sourceTree = "<group>"; };
		4080D12628E4081200DCA947 /* SettingsView.swift */ = {isa = PBXFileReference; lastKnownFileType = sourcecode.swift; path = SettingsView.swift; sourceTree = "<group>"; };
		4080D12A28E40CF400DCA947 /* AboutView.swift */ = {isa = PBXFileReference; lastKnownFileType = sourcecode.swift; path = AboutView.swift; sourceTree = "<group>"; };
		4095520728EA6A3300697ED9 /* SettingsModel.swift */ = {isa = PBXFileReference; lastKnownFileType = sourcecode.swift; path = SettingsModel.swift; sourceTree = "<group>"; };
		4095520928EC811E00697ED9 /* RegisterRowView.swift */ = {isa = PBXFileReference; lastKnownFileType = sourcecode.swift; path = RegisterRowView.swift; sourceTree = "<group>"; };
		4095520D28ED0F6D00697ED9 /* MemoryValueColumnView.swift */ = {isa = PBXFileReference; lastKnownFileType = sourcecode.swift; path = MemoryValueColumnView.swift; sourceTree = "<group>"; };
		40D605CC28E74A2F00654D3C /* FlagView.swift */ = {isa = PBXFileReference; lastKnownFileType = sourcecode.swift; path = FlagView.swift; sourceTree = "<group>"; };
		40D605CE28E7520500654D3C /* RegisterView.swift */ = {isa = PBXFileReference; lastKnownFileType = sourcecode.swift; path = RegisterView.swift; sourceTree = "<group>"; };
		40D605D028E7523500654D3C /* MemoryView.swift */ = {isa = PBXFileReference; lastKnownFileType = sourcecode.swift; path = MemoryView.swift; sourceTree = "<group>"; };
		40FC14DC28E4E433006A47C6 /* SwiftyMonaco */ = {isa = PBXFileReference; lastKnownFileType = wrapper; name = SwiftyMonaco; path = ../SwiftyMonaco; sourceTree = "<group>"; };
		40FC5AF928E28CCA00532886 /* Info.plist */ = {isa = PBXFileReference; lastKnownFileType = text.plist; path = Info.plist; sourceTree = "<group>"; };
/* End PBXFileReference section */

/* Begin PBXFrameworksBuildPhase section */
		4043648D28E0C4020052F25D /* Frameworks */ = {
			isa = PBXFrameworksBuildPhase;
			buildActionMask = 2147483647;
			files = (
				40FC5AF628E27F6000532886 /* SwiftyMonaco in Frameworks */,
			);
			runOnlyForDeploymentPostprocessing = 0;
		};
/* End PBXFrameworksBuildPhase section */

/* Begin PBXGroup section */
		4043648728E0C4020052F25D = {
			isa = PBXGroup;
			children = (
				40FC14DB28E4E433006A47C6 /* Packages */,
				4043649228E0C4020052F25D /* LEGv8-Simulator */,
				4043649128E0C4020052F25D /* Products */,
				40FC5AF428E27F6000532886 /* Frameworks */,
			);
			sourceTree = "<group>";
		};
		4043649128E0C4020052F25D /* Products */ = {
			isa = PBXGroup;
			children = (
				4043649028E0C4020052F25D /* LEGv8-Simulator.app */,
			);
			name = Products;
			sourceTree = "<group>";
		};
		4043649228E0C4020052F25D /* LEGv8-Simulator */ = {
			isa = PBXGroup;
			children = (
				40FC5AF928E28CCA00532886 /* Info.plist */,
				4043649328E0C4020052F25D /* LEGv8_SimulatorApp.swift */,
				404364AC28E0DD700052F25D /* Views */,
				404364AB28E0DD680052F25D /* Models */,
				404364B128E0DDF00052F25D /* Utils */,
				404364A728E0D6F00052F25D /* asm.js */,
				4043649728E0C4030052F25D /* Assets.xcassets */,
				4043649C28E0C4030052F25D /* LEGv8_Simulator.entitlements */,
				4043649928E0C4030052F25D /* Preview Content */,
			);
			path = "LEGv8-Simulator";
			sourceTree = "<group>";
		};
		4043649928E0C4030052F25D /* Preview Content */ = {
			isa = PBXGroup;
			children = (
				4043649A28E0C4030052F25D /* Preview Assets.xcassets */,
			);
			path = "Preview Content";
			sourceTree = "<group>";
		};
		404364AB28E0DD680052F25D /* Models */ = {
			isa = PBXGroup;
			children = (
				404364A928E0DD620052F25D /* CPUModel.swift */,
				4080D12128E3FD9D00DCA947 /* Document.swift */,
				4095520728EA6A3300697ED9 /* SettingsModel.swift */,
			);
			path = Models;
			sourceTree = "<group>";
		};
		404364AC28E0DD700052F25D /* Views */ = {
			isa = PBXGroup;
			children = (
				4043649528E0C4020052F25D /* ContentView.swift */,
				40D605D028E7523500654D3C /* MemoryView.swift */,
				4095520D28ED0F6D00697ED9 /* MemoryValueColumnView.swift */,
				40D605CE28E7520500654D3C /* RegisterView.swift */,
				4095520928EC811E00697ED9 /* RegisterRowView.swift */,
				40D605CC28E74A2F00654D3C /* FlagView.swift */,
				4080D12928E40CAD00DCA947 /* Console */,
				4080D12828E40CA500DCA947 /* Settings */,
			);
			path = Views;
			sourceTree = "<group>";
		};
		404364B128E0DDF00052F25D /* Utils */ = {
			isa = PBXGroup;
			children = (
				404364AF28E0DDE70052F25D /* Lexer.swift */,
				403D871728E125AE002E5E4A /* Interpreter.swift */,
			);
			path = Utils;
			sourceTree = "<group>";
		};
		4080D12828E40CA500DCA947 /* Settings */ = {
			isa = PBXGroup;
			children = (
				4080D12628E4081200DCA947 /* SettingsView.swift */,
				4080D12A28E40CF400DCA947 /* AboutView.swift */,
			);
			path = Settings;
			sourceTree = "<group>";
		};
		4080D12928E40CAD00DCA947 /* Console */ = {
			isa = PBXGroup;
			children = (
				403D871928E1EF38002E5E4A /* ConsoleView.swift */,
				403D871B28E214BD002E5E4A /* ConsoleRowView.swift */,
			);
			path = Console;
			sourceTree = "<group>";
		};
		40FC14DB28E4E433006A47C6 /* Packages */ = {
			isa = PBXGroup;
			children = (
				40FC14DC28E4E433006A47C6 /* SwiftyMonaco */,
			);
			name = Packages;
			sourceTree = "<group>";
		};
		40FC5AF428E27F6000532886 /* Frameworks */ = {
			isa = PBXGroup;
			children = (
			);
			name = Frameworks;
			sourceTree = "<group>";
		};
/* End PBXGroup section */

/* Begin PBXNativeTarget section */
		4043648F28E0C4020052F25D /* LEGv8-Simulator */ = {
			isa = PBXNativeTarget;
			buildConfigurationList = 4043649F28E0C4030052F25D /* Build configuration list for PBXNativeTarget "LEGv8-Simulator" */;
			buildPhases = (
				4043648C28E0C4020052F25D /* Sources */,
				4043648D28E0C4020052F25D /* Frameworks */,
				4043648E28E0C4020052F25D /* Resources */,
			);
			buildRules = (
			);
			dependencies = (
			);
			name = "LEGv8-Simulator";
			packageProductDependencies = (
				40FC5AF528E27F6000532886 /* SwiftyMonaco */,
			);
			productName = "LEGv8-Simulator";
			productReference = 4043649028E0C4020052F25D /* LEGv8-Simulator.app */;
			productType = "com.apple.product-type.application";
		};
/* End PBXNativeTarget section */

/* Begin PBXProject section */
		4043648828E0C4020052F25D /* Project object */ = {
			isa = PBXProject;
			attributes = {
				BuildIndependentTargetsInParallel = 1;
				LastSwiftUpdateCheck = 1400;
				LastUpgradeCheck = 1400;
				TargetAttributes = {
					4043648F28E0C4020052F25D = {
						CreatedOnToolsVersion = 14.0;
					};
				};
			};
			buildConfigurationList = 4043648B28E0C4020052F25D /* Build configuration list for PBXProject "LEGv8-Simulator" */;
			compatibilityVersion = "Xcode 14.0";
			developmentRegion = en;
			hasScannedForEncodings = 0;
			knownRegions = (
				en,
				Base,
			);
			mainGroup = 4043648728E0C4020052F25D;
			packageReferences = (
			);
			productRefGroup = 4043649128E0C4020052F25D /* Products */;
			projectDirPath = "";
			projectRoot = "";
			targets = (
				4043648F28E0C4020052F25D /* LEGv8-Simulator */,
			);
		};
/* End PBXProject section */

/* Begin PBXResourcesBuildPhase section */
		4043648E28E0C4020052F25D /* Resources */ = {
			isa = PBXResourcesBuildPhase;
			buildActionMask = 2147483647;
			files = (
				404364A828E0D6F00052F25D /* asm.js in Resources */,
				4043649B28E0C4030052F25D /* Preview Assets.xcassets in Resources */,
				4043649828E0C4030052F25D /* Assets.xcassets in Resources */,
			);
			runOnlyForDeploymentPostprocessing = 0;
		};
/* End PBXResourcesBuildPhase section */

/* Begin PBXSourcesBuildPhase section */
		4043648C28E0C4020052F25D /* Sources */ = {
			isa = PBXSourcesBuildPhase;
			buildActionMask = 2147483647;
			files = (
				4080D12228E3FD9D00DCA947 /* Document.swift in Sources */,
				403D871C28E214BD002E5E4A /* ConsoleRowView.swift in Sources */,
				4043649628E0C4020052F25D /* ContentView.swift in Sources */,
				4080D12728E4081200DCA947 /* SettingsView.swift in Sources */,
				4080D12B28E40CF400DCA947 /* AboutView.swift in Sources */,
				4095520E28ED0F6D00697ED9 /* MemoryValueColumnView.swift in Sources */,
				404364B028E0DDE70052F25D /* Lexer.swift in Sources */,
				40D605CD28E74A2F00654D3C /* FlagView.swift in Sources */,
				404364AA28E0DD620052F25D /* CPUModel.swift in Sources */,
				4043649428E0C4020052F25D /* LEGv8_SimulatorApp.swift in Sources */,
				40D605CF28E7520500654D3C /* RegisterView.swift in Sources */,
				403D871A28E1EF38002E5E4A /* ConsoleView.swift in Sources */,
				4095520A28EC811E00697ED9 /* RegisterRowView.swift in Sources */,
				40D605D128E7523500654D3C /* MemoryView.swift in Sources */,
				4095520828EA6A3300697ED9 /* SettingsModel.swift in Sources */,
				403D871828E125AE002E5E4A /* Interpreter.swift in Sources */,
			);
			runOnlyForDeploymentPostprocessing = 0;
		};
/* End PBXSourcesBuildPhase section */

/* Begin XCBuildConfiguration section */
		4043649D28E0C4030052F25D /* Debug */ = {
			isa = XCBuildConfiguration;
			buildSettings = {
				ALWAYS_SEARCH_USER_PATHS = NO;
				CLANG_ANALYZER_NONNULL = YES;
				CLANG_ANALYZER_NUMBER_OBJECT_CONVERSION = YES_AGGRESSIVE;
				CLANG_CXX_LANGUAGE_STANDARD = "gnu++20";
				CLANG_ENABLE_MODULES = YES;
				CLANG_ENABLE_OBJC_ARC = YES;
				CLANG_ENABLE_OBJC_WEAK = YES;
				CLANG_WARN_BLOCK_CAPTURE_AUTORELEASING = YES;
				CLANG_WARN_BOOL_CONVERSION = YES;
				CLANG_WARN_COMMA = YES;
				CLANG_WARN_CONSTANT_CONVERSION = YES;
				CLANG_WARN_DEPRECATED_OBJC_IMPLEMENTATIONS = YES;
				CLANG_WARN_DIRECT_OBJC_ISA_USAGE = YES_ERROR;
				CLANG_WARN_DOCUMENTATION_COMMENTS = YES;
				CLANG_WARN_EMPTY_BODY = YES;
				CLANG_WARN_ENUM_CONVERSION = YES;
				CLANG_WARN_INFINITE_RECURSION = YES;
				CLANG_WARN_INT_CONVERSION = YES;
				CLANG_WARN_NON_LITERAL_NULL_CONVERSION = YES;
				CLANG_WARN_OBJC_IMPLICIT_RETAIN_SELF = YES;
				CLANG_WARN_OBJC_LITERAL_CONVERSION = YES;
				CLANG_WARN_OBJC_ROOT_CLASS = YES_ERROR;
				CLANG_WARN_QUOTED_INCLUDE_IN_FRAMEWORK_HEADER = YES;
				CLANG_WARN_RANGE_LOOP_ANALYSIS = YES;
				CLANG_WARN_STRICT_PROTOTYPES = YES;
				CLANG_WARN_SUSPICIOUS_MOVE = YES;
				CLANG_WARN_UNGUARDED_AVAILABILITY = YES_AGGRESSIVE;
				CLANG_WARN_UNREACHABLE_CODE = YES;
				CLANG_WARN__DUPLICATE_METHOD_MATCH = YES;
				COPY_PHASE_STRIP = NO;
				DEBUG_INFORMATION_FORMAT = dwarf;
				ENABLE_STRICT_OBJC_MSGSEND = YES;
				ENABLE_TESTABILITY = YES;
				GCC_C_LANGUAGE_STANDARD = gnu11;
				GCC_DYNAMIC_NO_PIC = NO;
				GCC_NO_COMMON_BLOCKS = YES;
				GCC_OPTIMIZATION_LEVEL = 0;
				GCC_PREPROCESSOR_DEFINITIONS = (
					"DEBUG=1",
					"$(inherited)",
				);
				GCC_WARN_64_TO_32_BIT_CONVERSION = YES;
				GCC_WARN_ABOUT_RETURN_TYPE = YES_ERROR;
				GCC_WARN_UNDECLARED_SELECTOR = YES;
				GCC_WARN_UNINITIALIZED_AUTOS = YES_AGGRESSIVE;
				GCC_WARN_UNUSED_FUNCTION = YES;
				GCC_WARN_UNUSED_VARIABLE = YES;
				MACOSX_DEPLOYMENT_TARGET = 12.3;
				MTL_ENABLE_DEBUG_INFO = INCLUDE_SOURCE;
				MTL_FAST_MATH = YES;
				ONLY_ACTIVE_ARCH = YES;
				SDKROOT = macosx;
				SWIFT_ACTIVE_COMPILATION_CONDITIONS = DEBUG;
				SWIFT_OPTIMIZATION_LEVEL = "-Onone";
			};
			name = Debug;
		};
		4043649E28E0C4030052F25D /* Release */ = {
			isa = XCBuildConfiguration;
			buildSettings = {
				ALWAYS_SEARCH_USER_PATHS = NO;
				CLANG_ANALYZER_NONNULL = YES;
				CLANG_ANALYZER_NUMBER_OBJECT_CONVERSION = YES_AGGRESSIVE;
				CLANG_CXX_LANGUAGE_STANDARD = "gnu++20";
				CLANG_ENABLE_MODULES = YES;
				CLANG_ENABLE_OBJC_ARC = YES;
				CLANG_ENABLE_OBJC_WEAK = YES;
				CLANG_WARN_BLOCK_CAPTURE_AUTORELEASING = YES;
				CLANG_WARN_BOOL_CONVERSION = YES;
				CLANG_WARN_COMMA = YES;
				CLANG_WARN_CONSTANT_CONVERSION = YES;
				CLANG_WARN_DEPRECATED_OBJC_IMPLEMENTATIONS = YES;
				CLANG_WARN_DIRECT_OBJC_ISA_USAGE = YES_ERROR;
				CLANG_WARN_DOCUMENTATION_COMMENTS = YES;
				CLANG_WARN_EMPTY_BODY = YES;
				CLANG_WARN_ENUM_CONVERSION = YES;
				CLANG_WARN_INFINITE_RECURSION = YES;
				CLANG_WARN_INT_CONVERSION = YES;
				CLANG_WARN_NON_LITERAL_NULL_CONVERSION = YES;
				CLANG_WARN_OBJC_IMPLICIT_RETAIN_SELF = YES;
				CLANG_WARN_OBJC_LITERAL_CONVERSION = YES;
				CLANG_WARN_OBJC_ROOT_CLASS = YES_ERROR;
				CLANG_WARN_QUOTED_INCLUDE_IN_FRAMEWORK_HEADER = YES;
				CLANG_WARN_RANGE_LOOP_ANALYSIS = YES;
				CLANG_WARN_STRICT_PROTOTYPES = YES;
				CLANG_WARN_SUSPICIOUS_MOVE = YES;
				CLANG_WARN_UNGUARDED_AVAILABILITY = YES_AGGRESSIVE;
				CLANG_WARN_UNREACHABLE_CODE = YES;
				CLANG_WARN__DUPLICATE_METHOD_MATCH = YES;
				COPY_PHASE_STRIP = NO;
				DEBUG_INFORMATION_FORMAT = "dwarf-with-dsym";
				ENABLE_NS_ASSERTIONS = NO;
				ENABLE_STRICT_OBJC_MSGSEND = YES;
				GCC_C_LANGUAGE_STANDARD = gnu11;
				GCC_NO_COMMON_BLOCKS = YES;
				GCC_WARN_64_TO_32_BIT_CONVERSION = YES;
				GCC_WARN_ABOUT_RETURN_TYPE = YES_ERROR;
				GCC_WARN_UNDECLARED_SELECTOR = YES;
				GCC_WARN_UNINITIALIZED_AUTOS = YES_AGGRESSIVE;
				GCC_WARN_UNUSED_FUNCTION = YES;
				GCC_WARN_UNUSED_VARIABLE = YES;
				MACOSX_DEPLOYMENT_TARGET = 12.3;
				MTL_ENABLE_DEBUG_INFO = NO;
				MTL_FAST_MATH = YES;
				SDKROOT = macosx;
				SWIFT_COMPILATION_MODE = wholemodule;
				SWIFT_OPTIMIZATION_LEVEL = "-O";
			};
			name = Release;
		};
		404364A028E0C4030052F25D /* Debug */ = {
			isa = XCBuildConfiguration;
			buildSettings = {
				ASSETCATALOG_COMPILER_APPICON_NAME = AppIcon;
				ASSETCATALOG_COMPILER_GLOBAL_ACCENT_COLOR_NAME = AccentColor;
				CODE_SIGN_ENTITLEMENTS = "LEGv8-Simulator/LEGv8_Simulator.entitlements";
				CODE_SIGN_STYLE = Automatic;
				COMBINE_HIDPI_IMAGES = YES;
				CURRENT_PROJECT_VERSION = 1;
				DEVELOPMENT_ASSET_PATHS = "\"LEGv8-Simulator/Preview Content\"";
				DEVELOPMENT_TEAM = 84WPVNZ8GM;
				ENABLE_HARDENED_RUNTIME = YES;
				ENABLE_PREVIEWS = YES;
				GENERATE_INFOPLIST_FILE = YES;
				INFOPLIST_FILE = "LEGv8-Simulator/Info.plist";
				INFOPLIST_KEY_NSHumanReadableCopyright = "";
				LD_RUNPATH_SEARCH_PATHS = (
					"$(inherited)",
					"@executable_path/../Frameworks",
				);
				MARKETING_VERSION = 1.0;
				PRODUCT_BUNDLE_IDENTIFIER = "AdinAck.LEGv8-Simulator";
				PRODUCT_NAME = "$(TARGET_NAME)";
				SUPPORTED_PLATFORMS = "iphoneos iphonesimulator macosx";
				SUPPORTS_MACCATALYST = NO;
				SUPPORTS_MAC_DESIGNED_FOR_IPHONE_IPAD = NO;
				SWIFT_EMIT_LOC_STRINGS = YES;
				SWIFT_VERSION = 5.0;
				TARGETED_DEVICE_FAMILY = 2;
			};
			name = Debug;
		};
		404364A128E0C4030052F25D /* Release */ = {
			isa = XCBuildConfiguration;
			buildSettings = {
				ASSETCATALOG_COMPILER_APPICON_NAME = AppIcon;
				ASSETCATALOG_COMPILER_GLOBAL_ACCENT_COLOR_NAME = AccentColor;
				CODE_SIGN_ENTITLEMENTS = "LEGv8-Simulator/LEGv8_Simulator.entitlements";
				CODE_SIGN_STYLE = Automatic;
				COMBINE_HIDPI_IMAGES = YES;
				CURRENT_PROJECT_VERSION = 1;
				DEVELOPMENT_ASSET_PATHS = "\"LEGv8-Simulator/Preview Content\"";
				DEVELOPMENT_TEAM = 84WPVNZ8GM;
				ENABLE_HARDENED_RUNTIME = YES;
				ENABLE_PREVIEWS = YES;
				GENERATE_INFOPLIST_FILE = YES;
				INFOPLIST_FILE = "LEGv8-Simulator/Info.plist";
				INFOPLIST_KEY_NSHumanReadableCopyright = "";
				LD_RUNPATH_SEARCH_PATHS = (
					"$(inherited)",
					"@executable_path/../Frameworks",
				);
				MARKETING_VERSION = 1.0;
				PRODUCT_BUNDLE_IDENTIFIER = "AdinAck.LEGv8-Simulator";
				PRODUCT_NAME = "$(TARGET_NAME)";
				SUPPORTED_PLATFORMS = "iphoneos iphonesimulator macosx";
				SUPPORTS_MACCATALYST = NO;
				SUPPORTS_MAC_DESIGNED_FOR_IPHONE_IPAD = NO;
				SWIFT_EMIT_LOC_STRINGS = YES;
				SWIFT_VERSION = 5.0;
				TARGETED_DEVICE_FAMILY = 2;
			};
			name = Release;
		};
/* End XCBuildConfiguration section */

/* Begin XCConfigurationList section */
		4043648B28E0C4020052F25D /* Build configuration list for PBXProject "LEGv8-Simulator" */ = {
			isa = XCConfigurationList;
			buildConfigurations = (
				4043649D28E0C4030052F25D /* Debug */,
				4043649E28E0C4030052F25D /* Release */,
			);
			defaultConfigurationIsVisible = 0;
			defaultConfigurationName = Release;
		};
		4043649F28E0C4030052F25D /* Build configuration list for PBXNativeTarget "LEGv8-Simulator" */ = {
			isa = XCConfigurationList;
			buildConfigurations = (
				404364A028E0C4030052F25D /* Debug */,
				404364A128E0C4030052F25D /* Release */,
			);
			defaultConfigurationIsVisible = 0;
			defaultConfigurationName = Release;
		};
/* End XCConfigurationList section */

/* Begin XCSwiftPackageProductDependency section */
		40FC5AF528E27F6000532886 /* SwiftyMonaco */ = {
			isa = XCSwiftPackageProductDependency;
			productName = SwiftyMonaco;
		};
/* End XCSwiftPackageProductDependency section */
	};
	rootObject = 4043648828E0C4020052F25D /* Project object */;
}
